
Microsoft Visual Studio Solution File, Format Version 12.00
# Visual Studio Version 16
VisualStudioVersion = 16.0.31613.86
MinimumVisualStudioVersion = 10.0.40219.1
Project("{FAE04EC0-301F-11D3-BF4B-00C04F79EFBC}") = "01 -ByteBank", "01 -ByteBank\01 -ByteBank.csproj", "{802C0F53-CDDF-4616-82E1-61FE4173BD16}"
EndProject
Project("{FAE04EC0-301F-11D3-BF4B-00C04F79EFBC}") = "02 - ByteBank", "02 - ByteBank\02 - ByteBank.csproj", "{CE39C5F4-CC26-45FD-96B5-AD0196DFD8A7}"
EndProject
Project("{FAE04EC0-301F-11D3-BF4B-00C04F79EFBC}") = "03 - ByteBank", "03 - ByteBank\03 - ByteBank.csproj", "{D9CF3A73-F90B-4B86-9100-924745DCD24A}"
EndProject
Project("{FAE04EC0-301F-11D3-BF4B-00C04F79EFBC}") = "04 - ByteBank", "04 - ByteBank\04 - ByteBank.csproj", "{56A7DE59-7FD5-4E5E-85C0-A9B8E4EEDDAE}"
EndProject
Project("{FAE04EC0-301F-11D3-BF4B-00C04F79EFBC}") = "05-ByteBank", "05-ByteBank\05-ByteBank.csproj", "{312103F0-ECA9-489F-B6E5-4B1C538FCCA3}"
EndProject
Global
	GlobalSection(SolutionConfigurationPlatforms) = preSolution
		Debug|Any CPU = Debug|Any CPU
		Release|Any CPU = Release|Any CPU
	EndGlobalSection
	GlobalSection(ProjectConfigurationPlatforms) = postSolution
		{802C0F53-CDDF-4616-82E1-61FE4173BD16}.Debug|Any CPU.ActiveCfg = Debug|Any CPU
		{802C0F53-CDDF-4616-82E1-61FE4173BD16}.Debug|Any CPU.Build.0 = Debug|Any CPU
		{802C0F53-CDDF-4616-82E1-61FE4173BD16}.Release|Any CPU.ActiveCfg = Release|Any CPU
		{802C0F53-CDDF-4616-82E1-61FE4173BD16}.Release|Any CPU.Build.0 = Release|Any CPU
		{CE39C5F4-CC26-45FD-96B5-AD0196DFD8A7}.Debug|Any CPU.ActiveCfg = Debug|Any CPU
		{CE39C5F4-CC26-45FD-96B5-AD0196DFD8A7}.Debug|Any CPU.Build.0 = Debug|Any CPU
		{CE39C5F4-CC26-45FD-96B5-AD0196DFD8A7}.Release|Any CPU.ActiveCfg = Release|Any CPU
		{CE39C5F4-CC26-45FD-96B5-AD0196DFD8A7}.Release|Any CPU.Build.0 = Release|Any CPU
		{D9CF3A73-F90B-4B86-9100-924745DCD24A}.Debug|Any CPU.ActiveCfg = Debug|Any CPU
		{D9CF3A73-F90B-4B86-9100-924745DCD24A}.Debug|Any CPU.Build.0 = Debug|Any CPU
		{D9CF3A73-F90B-4B86-9100-924745DCD24A}.Release|Any CPU.ActiveCfg = Release|Any CPU
		{D9CF3A73-F90B-4B86-9100-924745DCD24A}.Release|Any CPU.Build.0 = Release|Any CPU
		{56A7DE59-7FD5-4E5E-85C0-A9B8E4EEDDAE}.Debug|Any CPU.ActiveCfg = Debug|Any CPU
		{56A7DE59-7FD5-4E5E-85C0-A9B8E4EEDDAE}.Debug|Any CPU.Build.0 = Debug|Any CPU
		{56A7DE59-7FD5-4E5E-85C0-A9B8E4EEDDAE}.Release|Any CPU.ActiveCfg = Release|Any CPU
		{56A7DE59-7FD5-4E5E-85C0-A9B8E4EEDDAE}.Release|Any CPU.Build.0 = Release|Any CPU
		{312103F0-ECA9-489F-B6E5-4B1C538FCCA3}.Debug|Any CPU.ActiveCfg = Debug|Any CPU
		{312103F0-ECA9-489F-B6E5-4B1C538FCCA3}.Debug|Any CPU.Build.0 = Debug|Any CPU
		{312103F0-ECA9-489F-B6E5-4B1C538FCCA3}.Release|Any CPU.ActiveCfg = Release|Any CPU
		{312103F0-ECA9-489F-B6E5-4B1C538FCCA3}.Release|Any CPU.Build.0 = Release|Any CPU
	EndGlobalSection
	GlobalSection(SolutionProperties) = preSolution
		HideSolutionNode = FALSE
	EndGlobalSection
	GlobalSection(ExtensibilityGlobals) = postSolution
		SolutionGuid = {7406DC89-D010-42C1-8CFE-37675117DE2D}
	EndGlobalSection
EndGlobal
